
Microsoft Visual Studio Solution File, Format Version 12.00
# Visual Studio Version 16
VisualStudioVersion = 16.0.30717.126
MinimumVisualStudioVersion = 10.0.40219.1
Project("{FAE04EC0-301F-11D3-BF4B-00C04F79EFBC}") = "działania lis", "działania lis\działania lis.csproj", "{0C625CDA-4E2F-4DD6-9E9B-3A009D529446}"
EndProject
Global
	GlobalSection(SolutionConfigurationPlatforms) = preSolution
		Debug|Any CPU = Debug|Any CPU
		Release|Any CPU = Release|Any CPU
	EndGlobalSection
	GlobalSection(ProjectConfigurationPlatforms) = postSolution
		{0C625CDA-4E2F-4DD6-9E9B-3A009D529446}.Debug|Any CPU.ActiveCfg = Debug|Any CPU
		{0C625CDA-4E2F-4DD6-9E9B-3A009D529446}.Debug|Any CPU.Build.0 = Debug|Any CPU
		{0C625CDA-4E2F-4DD6-9E9B-3A009D529446}.Release|Any CPU.ActiveCfg = Release|Any CPU
		{0C625CDA-4E2F-4DD6-9E9B-3A009D529446}.Release|Any CPU.Build.0 = Release|Any CPU
	EndGlobalSection
	GlobalSection(SolutionProperties) = preSolution
		HideSolutionNode = FALSE
	EndGlobalSection
	GlobalSection(ExtensibilityGlobals) = postSolution
		SolutionGuid = {22166E75-6388-4C14-8FC5-2A184BA5564C}
	EndGlobalSection
EndGlobal
